// !$*UTF8*$!
{
	archiveVersion = 1;
	classes = {
	};
	objectVersion = 46;
	objects = {

/* Begin PBXBuildFile section */
		C460808A1B041DEC007B5605 /* main.m in Sources */ = {isa = PBXBuildFile; fileRef = C46080891B041DEC007B5605 /* main.m */; };
		C460808D1B041DEC007B5605 /* AppDelegate.m in Sources */ = {isa = PBXBuildFile; fileRef = C460808C1B041DEC007B5605 /* AppDelegate.m */; };
		C46080901B041DEC007B5605 /* FirstViewController.m in Sources */ = {isa = PBXBuildFile; fileRef = C460808F1B041DEC007B5605 /* FirstViewController.m */; };
		C46080931B041DEC007B5605 /* SecondViewController.m in Sources */ = {isa = PBXBuildFile; fileRef = C46080921B041DEC007B5605 /* SecondViewController.m */; };
		C46080961B041DEC007B5605 /* Main.storyboard in Resources */ = {isa = PBXBuildFile; fileRef = C46080941B041DEC007B5605 /* Main.storyboard */; };
		C46080981B041DEC007B5605 /* Images.xcassets in Resources */ = {isa = PBXBuildFile; fileRef = C46080971B041DEC007B5605 /* Images.xcassets */; };
		C460809B1B041DEC007B5605 /* LaunchScreen.xib in Resources */ = {isa = PBXBuildFile; fileRef = C46080991B041DEC007B5605 /* LaunchScreen.xib */; };
		C46080A71B041DEC007B5605 /* GCOriginalTests.m in Sources */ = {isa = PBXBuildFile; fileRef = C46080A61B041DEC007B5605 /* GCOriginalTests.m */; };
/* End PBXBuildFile section */

/* Begin PBXContainerItemProxy section */
		C46080A11B041DEC007B5605 /* PBXContainerItemProxy */ = {
			isa = PBXContainerItemProxy;
			containerPortal = C460807C1B041DEC007B5605 /* Project object */;
			proxyType = 1;
			remoteGlobalIDString = C46080831B041DEC007B5605;
			remoteInfo = GCOriginal;
		};
/* End PBXContainerItemProxy section */

/* Begin PBXFileReference section */
		C46080841B041DEC007B5605 /* GCOriginal.app */ = {isa = PBXFileReference; explicitFileType = wrapper.application; includeInIndex = 0; path = GCOriginal.app; sourceTree = BUILT_PRODUCTS_DIR; };
		C46080881B041DEC007B5605 /* Info.plist */ = {isa = PBXFileReference; lastKnownFileType = text.plist.xml; path = Info.plist; sourceTree = "<group>"; };
		C46080891B041DEC007B5605 /* main.m */ = {isa = PBXFileReference; lastKnownFileType = sourcecode.c.objc; path = main.m; sourceTree = "<group>"; };
		C460808B1B041DEC007B5605 /* AppDelegate.h */ = {isa = PBXFileReference; lastKnownFileType = sourcecode.c.h; path = AppDelegate.h; sourceTree = "<group>"; };
		C460808C1B041DEC007B5605 /* AppDelegate.m */ = {isa = PBXFileReference; lastKnownFileType = sourcecode.c.objc; path = AppDelegate.m; sourceTree = "<group>"; };
		C460808E1B041DEC007B5605 /* FirstViewController.h */ = {isa = PBXFileReference; lastKnownFileType = sourcecode.c.h; path = FirstViewController.h; sourceTree = "<group>"; };
		C460808F1B041DEC007B5605 /* FirstViewController.m */ = {isa = PBXFileReference; lastKnownFileType = sourcecode.c.objc; path = FirstViewController.m; sourceTree = "<group>"; };
		C46080911B041DEC007B5605 /* SecondViewController.h */ = {isa = PBXFileReference; lastKnownFileType = sourcecode.c.h; path = SecondViewController.h; sourceTree = "<group>"; };
		C46080921B041DEC007B5605 /* SecondViewController.m */ = {isa = PBXFileReference; lastKnownFileType = sourcecode.c.objc; path = SecondViewController.m; sourceTree = "<group>"; };
		C46080951B041DEC007B5605 /* Base */ = {isa = PBXFileReference; lastKnownFileType = file.storyboard; name = Base; path = Base.lproj/Main.storyboard; sourceTree = "<group>"; };
		C46080971B041DEC007B5605 /* Images.xcassets */ = {isa = PBXFileReference; lastKnownFileType = folder.assetcatalog; path = Images.xcassets; sourceTree = "<group>"; };
		C460809A1B041DEC007B5605 /* Base */ = {isa = PBXFileReference; lastKnownFileType = file.xib; name = Base; path = Base.lproj/LaunchScreen.xib; sourceTree = "<group>"; };
		C46080A01B041DEC007B5605 /* GCOriginalTests.xctest */ = {isa = PBXFileReference; explicitFileType = wrapper.cfbundle; includeInIndex = 0; path = GCOriginalTests.xctest; sourceTree = BUILT_PRODUCTS_DIR; };
		C46080A51B041DEC007B5605 /* Info.plist */ = {isa = PBXFileReference; lastKnownFileType = text.plist.xml; path = Info.plist; sourceTree = "<group>"; };
		C46080A61B041DEC007B5605 /* GCOriginalTests.m */ = {isa = PBXFileReference; lastKnownFileType = sourcecode.c.objc; path = GCOriginalTests.m; sourceTree = "<group>"; };
/* End PBXFileReference section */

/* Begin PBXFrameworksBuildPhase section */
		C46080811B041DEC007B5605 /* Frameworks */ = {
			isa = PBXFrameworksBuildPhase;
			buildActionMask = 2147483647;
			files = (
			);
			runOnlyForDeploymentPostprocessing = 0;
		};
		C460809D1B041DEC007B5605 /* Frameworks */ = {
			isa = PBXFrameworksBuildPhase;
			buildActionMask = 2147483647;
			files = (
			);
			runOnlyForDeploymentPostprocessing = 0;
		};
/* End PBXFrameworksBuildPhase section */

/* Begin PBXGroup section */
		C460807B1B041DEC007B5605 = {
			isa = PBXGroup;
			children = (
				C46080861B041DEC007B5605 /* GCOriginal */,
				C46080A31B041DEC007B5605 /* GCOriginalTests */,
				C46080851B041DEC007B5605 /* Products */,
			);
			sourceTree = "<group>";
		};
		C46080851B041DEC007B5605 /* Products */ = {
			isa = PBXGroup;
			children = (
				C46080841B041DEC007B5605 /* GCOriginal.app */,
				C46080A01B041DEC007B5605 /* GCOriginalTests.xctest */,
			);
			name = Products;
			sourceTree = "<group>";
		};
		C46080861B041DEC007B5605 /* GCOriginal */ = {
			isa = PBXGroup;
			children = (
				C460808B1B041DEC007B5605 /* AppDelegate.h */,
				C460808C1B041DEC007B5605 /* AppDelegate.m */,
				C460808E1B041DEC007B5605 /* FirstViewController.h */,
				C460808F1B041DEC007B5605 /* FirstViewController.m */,
				C46080911B041DEC007B5605 /* SecondViewController.h */,
				C46080921B041DEC007B5605 /* SecondViewController.m */,
				C46080941B041DEC007B5605 /* Main.storyboard */,
				C46080971B041DEC007B5605 /* Images.xcassets */,
				C46080991B041DEC007B5605 /* LaunchScreen.xib */,
				C46080871B041DEC007B5605 /* Supporting Files */,
			);
			path = GCOriginal;
			sourceTree = "<group>";
		};
		C46080871B041DEC007B5605 /* Supporting Files */ = {
			isa = PBXGroup;
			children = (
				C46080881B041DEC007B5605 /* Info.plist */,
				C46080891B041DEC007B5605 /* main.m */,
			);
			name = "Supporting Files";
			sourceTree = "<group>";
		};
		C46080A31B041DEC007B5605 /* GCOriginalTests */ = {
			isa = PBXGroup;
			children = (
				C46080A61B041DEC007B5605 /* GCOriginalTests.m */,
				C46080A41B041DEC007B5605 /* Supporting Files */,
			);
			path = GCOriginalTests;
			sourceTree = "<group>";
		};
		C46080A41B041DEC007B5605 /* Supporting Files */ = {
			isa = PBXGroup;
			children = (
				C46080A51B041DEC007B5605 /* Info.plist */,
			);
			name = "Supporting Files";
			sourceTree = "<group>";
		};
/* End PBXGroup section */

/* Begin PBXNativeTarget section */
		C46080831B041DEC007B5605 /* GCOriginal */ = {
			isa = PBXNativeTarget;
			buildConfigurationList = C46080AA1B041DEC007B5605 /* Build configuration list for PBXNativeTarget "GCOriginal" */;
			buildPhases = (
				C46080801B041DEC007B5605 /* Sources */,
				C46080811B041DEC007B5605 /* Frameworks */,
				C46080821B041DEC007B5605 /* Resources */,
			);
			buildRules = (
			);
			dependencies = (
			);
			name = GCOriginal;
			productName = GCOriginal;
			productReference = C46080841B041DEC007B5605 /* GCOriginal.app */;
			productType = "com.apple.product-type.application";
		};
		C460809F1B041DEC007B5605 /* GCOriginalTests */ = {
			isa = PBXNativeTarget;
			buildConfigurationList = C46080AD1B041DEC007B5605 /* Build configuration list for PBXNativeTarget "GCOriginalTests" */;
			buildPhases = (
				C460809C1B041DEC007B5605 /* Sources */,
				C460809D1B041DEC007B5605 /* Frameworks */,
				C460809E1B041DEC007B5605 /* Resources */,
			);
			buildRules = (
			);
			dependencies = (
				C46080A21B041DEC007B5605 /* PBXTargetDependency */,
			);
			name = GCOriginalTests;
			productName = GCOriginalTests;
			productReference = C46080A01B041DEC007B5605 /* GCOriginalTests.xctest */;
			productType = "com.apple.product-type.bundle.unit-test";
		};
/* End PBXNativeTarget section */

/* Begin PBXProject section */
		C460807C1B041DEC007B5605 /* Project object */ = {
			isa = PBXProject;
			attributes = {
				LastUpgradeCheck = 0630;
				ORGANIZATIONNAME = "Lucas Fang";
				TargetAttributes = {
					C46080831B041DEC007B5605 = {
						CreatedOnToolsVersion = 6.3.1;
					};
					C460809F1B041DEC007B5605 = {
						CreatedOnToolsVersion = 6.3.1;
						TestTargetID = C46080831B041DEC007B5605;
					};
				};
			};
			buildConfigurationList = C460807F1B041DEC007B5605 /* Build configuration list for PBXProject "GCOriginal" */;
			compatibilityVersion = "Xcode 3.2";
			developmentRegion = English;
			hasScannedForEncodings = 0;
			knownRegions = (
				en,
				Base,
			);
			mainGroup = C460807B1B041DEC007B5605;
			productRefGroup = C46080851B041DEC007B5605 /* Products */;
			projectDirPath = "";
			projectRoot = "";
			targets = (
				C46080831B041DEC007B5605 /* GCOriginal */,
				C460809F1B041DEC007B5605 /* GCOriginalTests */,
			);
		};
/* End PBXProject section */

/* Begin PBXResourcesBuildPhase section */
		C46080821B041DEC007B5605 /* Resources */ = {
			isa = PBXResourcesBuildPhase;
			buildActionMask = 2147483647;
			files = (
				C46080961B041DEC007B5605 /* Main.storyboard in Resources */,
				C460809B1B041DEC007B5605 /* LaunchScreen.xib in Resources */,
				C46080981B041DEC007B5605 /* Images.xcassets in Resources */,
			);
			runOnlyForDeploymentPostprocessing = 0;
		};
		C460809E1B041DEC007B5605 /* Resources */ = {
			isa = PBXResourcesBuildPhase;
			buildActionMask = 2147483647;
			files = (
			);
			runOnlyForDeploymentPostprocessing = 0;
		};
/* End PBXResourcesBuildPhase section */

/* Begin PBXSourcesBuildPhase section */
		C46080801B041DEC007B5605 /* Sources */ = {
			isa = PBXSourcesBuildPhase;
			buildActionMask = 2147483647;
			files = (
				C46080931B041DEC007B5605 /* SecondViewController.m in Sources */,
				C460808D1B041DEC007B5605 /* AppDelegate.m in Sources */,
				C46080901B041DEC007B5605 /* FirstViewController.m in Sources */,
				C460808A1B041DEC007B5605 /* main.m in Sources */,
			);
			runOnlyForDeploymentPostprocessing = 0;
		};
		C460809C1B041DEC007B5605 /* Sources */ = {
			isa = PBXSourcesBuildPhase;
			buildActionMask = 2147483647;
			files = (
				C46080A71B041DEC007B5605 /* GCOriginalTests.m in Sources */,
			);
			runOnlyForDeploymentPostprocessing = 0;
		};
/* End PBXSourcesBuildPhase section */

/* Begin PBXTargetDependency section */
		C46080A21B041DEC007B5605 /* PBXTargetDependency */ = {
			isa = PBXTargetDependency;
			target = C46080831B041DEC007B5605 /* GCOriginal */;
			targetProxy = C46080A11B041DEC007B5605 /* PBXContainerItemProxy */;
		};
/* End PBXTargetDependency section */

/* Begin PBXVariantGroup section */
		C46080941B041DEC007B5605 /* Main.storyboard */ = {
			isa = PBXVariantGroup;
			children = (
				C46080951B041DEC007B5605 /* Base */,
			);
			name = Main.storyboard;
			sourceTree = "<group>";
		};
		C46080991B041DEC007B5605 /* LaunchScreen.xib */ = {
			isa = PBXVariantGroup;
			children = (
				C460809A1B041DEC007B5605 /* Base */,
			);
			name = LaunchScreen.xib;
			sourceTree = "<group>";
		};
/* End PBXVariantGroup section */

/* Begin XCBuildConfiguration section */
		C46080A81B041DEC007B5605 /* Debug */ = {
			isa = XCBuildConfiguration;
			buildSettings = {
				ALWAYS_SEARCH_USER_PATHS = NO;
				CLANG_CXX_LANGUAGE_STANDARD = "gnu++0x";
				CLANG_CXX_LIBRARY = "libc++";
				CLANG_ENABLE_MODULES = YES;
				CLANG_ENABLE_OBJC_ARC = YES;
				CLANG_WARN_BOOL_CONVERSION = YES;
				CLANG_WARN_CONSTANT_CONVERSION = YES;
				CLANG_WARN_DIRECT_OBJC_ISA_USAGE = YES_ERROR;
				CLANG_WARN_EMPTY_BODY = YES;
				CLANG_WARN_ENUM_CONVERSION = YES;
				CLANG_WARN_INT_CONVERSION = YES;
				CLANG_WARN_OBJC_ROOT_CLASS = YES_ERROR;
				CLANG_WARN_UNREACHABLE_CODE = YES;
				CLANG_WARN__DUPLICATE_METHOD_MATCH = YES;
				"CODE_SIGN_IDENTITY[sdk=iphoneos*]" = "iPhone Developer";
				COPY_PHASE_STRIP = NO;
				DEBUG_INFORMATION_FORMAT = "dwarf-with-dsym";
				ENABLE_STRICT_OBJC_MSGSEND = YES;
				GCC_C_LANGUAGE_STANDARD = gnu99;
				GCC_DYNAMIC_NO_PIC = NO;
				GCC_NO_COMMON_BLOCKS = YES;
				GCC_OPTIMIZATION_LEVEL = 0;
				GCC_PREPROCESSOR_DEFINITIONS = (
					"DEBUG=1",
					"$(inherited)",
				);
				GCC_SYMBOLS_PRIVATE_EXTERN = NO;
				GCC_WARN_64_TO_32_BIT_CONVERSION = YES;
				GCC_WARN_ABOUT_RETURN_TYPE = YES_ERROR;
				GCC_WARN_UNDECLARED_SELECTOR = YES;
				GCC_WARN_UNINITIALIZED_AUTOS = YES_AGGRESSIVE;
				GCC_WARN_UNUSED_FUNCTION = YES;
				GCC_WARN_UNUSED_VARIABLE = YES;
				IPHONEOS_DEPLOYMENT_TARGET = 8.3;
				MTL_ENABLE_DEBUG_INFO = YES;
				ONLY_ACTIVE_ARCH = YES;
				SDKROOT = iphoneos;
				TARGETED_DEVICE_FAMILY = "1,2";
			};
			name = Debug;
		};
		C46080A91B041DEC007B5605 /* Release */ = {
			isa = XCBuildConfiguration;
			buildSettings = {
				ALWAYS_SEARCH_USER_PATHS = NO;
				CLANG_CXX_LANGUAGE_STANDARD = "gnu++0x";
				CLANG_CXX_LIBRARY = "libc++";
				CLANG_ENABLE_MODULES = YES;
				CLANG_ENABLE_OBJC_ARC = YES;
				CLANG_WARN_BOOL_CONVERSION = YES;
				CLANG_WARN_CONSTANT_CONVERSION = YES;
				CLANG_WARN_DIRECT_OBJC_ISA_USAGE = YES_ERROR;
				CLANG_WARN_EMPTY_BODY = YES;
				CLANG_WARN_ENUM_CONVERSION = YES;
				CLANG_WARN_INT_CONVERSION = YES;
				CLANG_WARN_OBJC_ROOT_CLASS = YES_ERROR;
				CLANG_WARN_UNREACHABLE_CODE = YES;
				CLANG_WARN__DUPLICATE_METHOD_MATCH = YES;
				"CODE_SIGN_IDENTITY[sdk=iphoneos*]" = "iPhone Developer";
				COPY_PHASE_STRIP = NO;
				DEBUG_INFORMATION_FORMAT = "dwarf-with-dsym";
				ENABLE_NS_ASSERTIONS = NO;
				ENABLE_STRICT_OBJC_MSGSEND = YES;
				GCC_C_LANGUAGE_STANDARD = gnu99;
				GCC_NO_COMMON_BLOCKS = YES;
				GCC_WARN_64_TO_32_BIT_CONVERSION = YES;
				GCC_WARN_ABOUT_RETURN_TYPE = YES_ERROR;
				GCC_WARN_UNDECLARED_SELECTOR = YES;
				GCC_WARN_UNINITIALIZED_AUTOS = YES_AGGRESSIVE;
				GCC_WARN_UNUSED_FUNCTION = YES;
				GCC_WARN_UNUSED_VARIABLE = YES;
				IPHONEOS_DEPLOYMENT_TARGET = 8.3;
				MTL_ENABLE_DEBUG_INFO = NO;
				SDKROOT = iphoneos;
				TARGETED_DEVICE_FAMILY = "1,2";
				VALIDATE_PRODUCT = YES;
			};
			name = Release;
		};
		C46080AB1B041DEC007B5605 /* Debug */ = {
			isa = XCBuildConfiguration;
			buildSettings = {
				ASSETCATALOG_COMPILER_APPICON_NAME = AppIcon;
				INFOPLIST_FILE = GCOriginal/Info.plist;
				LD_RUNPATH_SEARCH_PATHS = "$(inherited) @executable_path/Frameworks";
				PRODUCT_NAME = "$(TARGET_NAME)";
			};
			name = Debug;
		};
		C46080AC1B041DEC007B5605 /* Release */ = {
			isa = XCBuildConfiguration;
			buildSettings = {
				ASSETCATALOG_COMPILER_APPICON_NAME = AppIcon;
				INFOPLIST_FILE = GCOriginal/Info.plist;
				LD_RUNPATH_SEARCH_PATHS = "$(inherited) @executable_path/Frameworks";
				PRODUCT_NAME = "$(TARGET_NAME)";
			};
			name = Release;
		};
		C46080AE1B041DEC007B5605 /* Debug */ = {
			isa = XCBuildConfiguration;
			buildSettings = {
				BUNDLE_LOADER = "$(TEST_HOST)";
				FRAMEWORK_SEARCH_PATHS = (
					"$(SDKROOT)/Developer/Library/Frameworks",
					"$(inherited)",
				);
				GCC_PREPROCESSOR_DEFINITIONS = (
					"DEBUG=1",
					"$(inherited)",
				);
				INFOPLIST_FILE = GCOriginalTests/Info.plist;
				LD_RUNPATH_SEARCH_PATHS = "$(inherited) @executable_path/Frameworks @loader_path/Frameworks";
				PRODUCT_NAME = "$(TARGET_NAME)";
				TEST_HOST = "$(BUILT_PRODUCTS_DIR)/GCOriginal.app/GCOriginal";
			};
			name = Debug;
		};
		C46080AF1B041DEC007B5605 /* Release */ = {
			isa = XCBuildConfiguration;
			buildSettings = {
				BUNDLE_LOADER = "$(TEST_HOST)";
				FRAMEWORK_SEARCH_PATHS = (
					"$(SDKROOT)/Developer/Library/Frameworks",
					"$(inherited)",
				);
				INFOPLIST_FILE = GCOriginalTests/Info.plist;
				LD_RUNPATH_SEARCH_PATHS = "$(inherited) @executable_path/Frameworks @loader_path/Frameworks";
				PRODUCT_NAME = "$(TARGET_NAME)";
				TEST_HOST = "$(BUILT_PRODUCTS_DIR)/GCOriginal.app/GCOriginal";
			};
			name = Release;
		};
/* End XCBuildConfiguration section */

/* Begin XCConfigurationList section */
		C460807F1B041DEC007B5605 /* Build configuration list for PBXProject "GCOriginal" */ = {
			isa = XCConfigurationList;
			buildConfigurations = (
				C46080A81B041DEC007B5605 /* Debug */,
				C46080A91B041DEC007B5605 /* Release */,
			);
			defaultConfigurationIsVisible = 0;
			defaultConfigurationName = Release;
		};
		C46080AA1B041DEC007B5605 /* Build configuration list for PBXNativeTarget "GCOriginal" */ = {
			isa = XCConfigurationList;
			buildConfigurations = (
				C46080AB1B041DEC007B5605 /* Debug */,
				C46080AC1B041DEC007B5605 /* Release */,
			);
			defaultConfigurationIsVisible = 0;
		};
		C46080AD1B041DEC007B5605 /* Build configuration list for PBXNativeTarget "GCOriginalTests" */ = {
			isa = XCConfigurationList;
			buildConfigurations = (
				C46080AE1B041DEC007B5605 /* Debug */,
				C46080AF1B041DEC007B5605 /* Release */,
			);
			defaultConfigurationIsVisible = 0;
		};
/* End XCConfigurationList section */
	};
	rootObject = C460807C1B041DEC007B5605 /* Project object */;
}
